Microsoft Visual Studio Solution File, Format Version 12.00
# Visual Studio Version 17
VisualStudioVersion = 17.5.2.0
MinimumVisualStudioVersion = 10.0.40219.1
Project("{FAE04EC0-301F-11D3-BF4B-00C04F79EFBC}") = "SpotTheFreebie", "SpotTheFreebie\SpotTheFreebie.csproj", "{D929CA28-D89A-435A-82F4-291097BF3C55}"
EndProject
Global
	GlobalSection(SolutionConfigurationPlatforms) = preSolution
		Debug|Any CPU = Debug|Any CPU
		Release|Any CPU = Release|Any CPU
	EndGlobalSection
	GlobalSection(ProjectConfigurationPlatforms) = postSolution
		{D929CA28-D89A-435A-82F4-291097BF3C55}.Debug|Any CPU.ActiveCfg = Debug|Any CPU
		{D929CA28-D89A-435A-82F4-291097BF3C55}.Debug|Any CPU.Build.0 = Debug|Any CPU
		{D929CA28-D89A-435A-82F4-291097BF3C55}.Release|Any CPU.ActiveCfg = Release|Any CPU
		{D929CA28-D89A-435A-82F4-291097BF3C55}.Release|Any CPU.Build.0 = Release|Any CPU
	EndGlobalSection
	GlobalSection(SolutionProperties) = preSolution
		HideSolutionNode = FALSE
	EndGlobalSection
	GlobalSection(ExtensibilityGlobals) = postSolution
		SolutionGuid = {27C71985-417C-4424-8042-382E1936F1B6}
	EndGlobalSection
EndGlobal
